
Microsoft Visual Studio Solution File, Format Version 12.00
# Visual Studio Version 17
VisualStudioVersion = 17.5.002.0
MinimumVisualStudioVersion = 10.0.40219.1
Project("{9A19103F-16F7-4668-BE54-9A1E7A4F7556}") = "Task5", "Task5.csproj", "{CF6CEC3C-0B6F-46E0-9556-F1C09A0C18F0}"
EndProject
Global
	GlobalSection(SolutionConfigurationPlatforms) = preSolution
		Debug|Any CPU = Debug|Any CPU
		Release|Any CPU = Release|Any CPU
	EndGlobalSection
	GlobalSection(ProjectConfigurationPlatforms) = postSolution
		{CF6CEC3C-0B6F-46E0-9556-F1C09A0C18F0}.Debug|Any CPU.ActiveCfg = Debug|Any CPU
		{CF6CEC3C-0B6F-46E0-9556-F1C09A0C18F0}.Debug|Any CPU.Build.0 = Debug|Any CPU
		{CF6CEC3C-0B6F-46E0-9556-F1C09A0C18F0}.Release|Any CPU.ActiveCfg = Release|Any CPU
		{CF6CEC3C-0B6F-46E0-9556-F1C09A0C18F0}.Release|Any CPU.Build.0 = Release|Any CPU
	EndGlobalSection
	GlobalSection(SolutionProperties) = preSolution
		HideSolutionNode = FALSE
	EndGlobalSection
	GlobalSection(ExtensibilityGlobals) = postSolution
		SolutionGuid = {B862C6E5-8219-4BA7-95B2-C9566769E4BA}
	EndGlobalSection
EndGlobal
